# Alpine 3.23 direct-package lock for reproducible PastureStack builds.
# Refresh the base digest and every exact version together.

ALPINE_APK_BRANCH='3.23'

ALPINE_APK_BASH_VERSION='5.3.3-r1'
ALPINE_APK_CA_CERTIFICATES_VERSION='20260611-r0'
ALPINE_APK_CONNTRACK_TOOLS_VERSION='1.4.8-r0'
ALPINE_APK_CURL_VERSION='8.20.0-r0'
ALPINE_APK_GAWK_VERSION='5.3.2-r2'
ALPINE_APK_IPROUTE2_VERSION='6.17.0-r0'
ALPINE_APK_IPTABLES_VERSION='1.8.11-r1'
ALPINE_APK_JQ_VERSION='1.8.1-r0'
ALPINE_APK_NET_TOOLS_VERSION='2.10-r3'
ALPINE_APK_PROCPS_NG_VERSION='4.0.5-r0'
ALPINE_APK_PSMISC_VERSION='23.7-r0'
ALPINE_APK_TAR_VERSION='1.35-r4'
ALPINE_APK_UTIL_LINUX_VERSION='2.41.4-r0'
